// !$*UTF8*$!
{
	archiveVersion = 1;
	classes = {
	};
	objectVersion = 46;
	objects = {

/* Begin PBXBuildFile section */
		407897631B2AE5DA006AFF04 /* AppDelegate.swift in Sources */ = {isa = PBXBuildFile; fileRef = 407897621B2AE5DA006AFF04 /* AppDelegate.swift */; };
		407897651B2AE5DA006AFF04 /* ViewController.swift in Sources */ = {isa = PBXBuildFile; fileRef = 407897641B2AE5DA006AFF04 /* ViewController.swift */; };
		407897681B2AE5DA006AFF04 /* Main.storyboard in Resources */ = {isa = PBXBuildFile; fileRef = 407897661B2AE5DA006AFF04 /* Main.storyboard */; };
		4078976A1B2AE5DA006AFF04 /* Images.xcassets in Resources */ = {isa = PBXBuildFile; fileRef = 407897691B2AE5DA006AFF04 /* Images.xcassets */; };
		4078976D1B2AE5DA006AFF04 /* LaunchScreen.xib in Resources */ = {isa = PBXBuildFile; fileRef = 4078976B1B2AE5DA006AFF04 /* LaunchScreen.xib */; };
		407897791B2AE5DA006AFF04 /* CaculatorTests.swift in Sources */ = {isa = PBXBuildFile; fileRef = 407897781B2AE5DA006AFF04 /* CaculatorTests.swift */; };
/* End PBXBuildFile section */

/* Begin PBXContainerItemProxy section */
		407897731B2AE5DA006AFF04 /* PBXContainerItemProxy */ = {
			isa = PBXContainerItemProxy;
			containerPortal = 407897551B2AE5DA006AFF04 /* Project object */;
			proxyType = 1;
			remoteGlobalIDString = 4078975C1B2AE5DA006AFF04;
			remoteInfo = Caculator;
		};
/* End PBXContainerItemProxy section */

/* Begin PBXFileReference section */
		4078975D1B2AE5DA006AFF04 /* Caculator.app */ = {isa = PBXFileReference; explicitFileType = wrapper.application; includeInIndex = 0; path = Caculator.app; sourceTree = BUILT_PRODUCTS_DIR; };
		407897611B2AE5DA006AFF04 /* Info.plist */ = {isa = PBXFileReference; lastKnownFileType = text.plist.xml; path = Info.plist; sourceTree = "<group>"; };
		407897621B2AE5DA006AFF04 /* AppDelegate.swift */ = {isa = PBXFileReference; lastKnownFileType = sourcecode.swift; path = AppDelegate.swift; sourceTree = "<group>"; };
		407897641B2AE5DA006AFF04 /* ViewController.swift */ = {isa = PBXFileReference; lastKnownFileType = sourcecode.swift; path = ViewController.swift; sourceTree = "<group>"; };
		407897671B2AE5DA006AFF04 /* Base */ = {isa = PBXFileReference; lastKnownFileType = file.storyboard; name = Base; path = Base.lproj/Main.storyboard; sourceTree = "<group>"; };
		407897691B2AE5DA006AFF04 /* Images.xcassets */ = {isa = PBXFileReference; lastKnownFileType = folder.assetcatalog; path = Images.xcassets; sourceTree = "<group>"; };
		4078976C1B2AE5DA006AFF04 /* Base */ = {isa = PBXFileReference; lastKnownFileType = file.xib; name = Base; path = Base.lproj/LaunchScreen.xib; sourceTree = "<group>"; };
		407897721B2AE5DA006AFF04 /* CaculatorTests.xctest */ = {isa = PBXFileReference; explicitFileType = wrapper.cfbundle; includeInIndex = 0; path = CaculatorTests.xctest; sourceTree = BUILT_PRODUCTS_DIR; };
		407897771B2AE5DA006AFF04 /* Info.plist */ = {isa = PBXFileReference; lastKnownFileType = text.plist.xml; path = Info.plist; sourceTree = "<group>"; };
		407897781B2AE5DA006AFF04 /* CaculatorTests.swift */ = {isa = PBXFileReference; lastKnownFileType = sourcecode.swift; path = CaculatorTests.swift; sourceTree = "<group>"; };
/* End PBXFileReference section */

/* Begin PBXFrameworksBuildPhase section */
		4078975A1B2AE5DA006AFF04 /* Frameworks */ = {
			isa = PBXFrameworksBuildPhase;
			buildActionMask = 2147483647;
			files = (
			);
			runOnlyForDeploymentPostprocessing = 0;
		};
		4078976F1B2AE5DA006AFF04 /* Frameworks */ = {
			isa = PBXFrameworksBuildPhase;
			buildActionMask = 2147483647;
			files = (
			);
			runOnlyForDeploymentPostprocessing = 0;
		};
/* End PBXFrameworksBuildPhase section */

/* Begin PBXGroup section */
		407897541B2AE5DA006AFF04 = {
			isa = PBXGroup;
			children = (
				4078975F1B2AE5DA006AFF04 /* Caculator */,
				407897751B2AE5DA006AFF04 /* CaculatorTests */,
				4078975E1B2AE5DA006AFF04 /* Products */,
			);
			sourceTree = "<group>";
		};
		4078975E1B2AE5DA006AFF04 /* Products */ = {
			isa = PBXGroup;
			children = (
				4078975D1B2AE5DA006AFF04 /* Caculator.app */,
				407897721B2AE5DA006AFF04 /* CaculatorTests.xctest */,
			);
			name = Products;
			sourceTree = "<group>";
		};
		4078975F1B2AE5DA006AFF04 /* Caculator */ = {
			isa = PBXGroup;
			children = (
				407897621B2AE5DA006AFF04 /* AppDelegate.swift */,
				407897641B2AE5DA006AFF04 /* ViewController.swift */,
				407897661B2AE5DA006AFF04 /* Main.storyboard */,
				407897691B2AE5DA006AFF04 /* Images.xcassets */,
				4078976B1B2AE5DA006AFF04 /* LaunchScreen.xib */,
				407897601B2AE5DA006AFF04 /* Supporting Files */,
			);
			path = Caculator;
			sourceTree = "<group>";
		};
		407897601B2AE5DA006AFF04 /* Supporting Files */ = {
			isa = PBXGroup;
			children = (
				407897611B2AE5DA006AFF04 /* Info.plist */,
			);
			name = "Supporting Files";
			sourceTree = "<group>";
		};
		407897751B2AE5DA006AFF04 /* CaculatorTests */ = {
			isa = PBXGroup;
			children = (
				407897781B2AE5DA006AFF04 /* CaculatorTests.swift */,
				407897761B2AE5DA006AFF04 /* Supporting Files */,
			);
			path = CaculatorTests;
			sourceTree = "<group>";
		};
		407897761B2AE5DA006AFF04 /* Supporting Files */ = {
			isa = PBXGroup;
			children = (
				407897771B2AE5DA006AFF04 /* Info.plist */,
			);
			name = "Supporting Files";
			sourceTree = "<group>";
		};
/* End PBXGroup section */

/* Begin PBXNativeTarget section */
		4078975C1B2AE5DA006AFF04 /* Caculator */ = {
			isa = PBXNativeTarget;
			buildConfigurationList = 4078977C1B2AE5DA006AFF04 /* Build configuration list for PBXNativeTarget "Caculator" */;
			buildPhases = (
				407897591B2AE5DA006AFF04 /* Sources */,
				4078975A1B2AE5DA006AFF04 /* Frameworks */,
				4078975B1B2AE5DA006AFF04 /* Resources */,
			);
			buildRules = (
			);
			dependencies = (
			);
			name = Caculator;
			productName = Caculator;
			productReference = 4078975D1B2AE5DA006AFF04 /* Caculator.app */;
			productType = "com.apple.product-type.application";
		};
		407897711B2AE5DA006AFF04 /* CaculatorTests */ = {
			isa = PBXNativeTarget;
			buildConfigurationList = 4078977F1B2AE5DA006AFF04 /* Build configuration list for PBXNativeTarget "CaculatorTests" */;
			buildPhases = (
				4078976E1B2AE5DA006AFF04 /* Sources */,
				4078976F1B2AE5DA006AFF04 /* Frameworks */,
				407897701B2AE5DA006AFF04 /* Resources */,
			);
			buildRules = (
			);
			dependencies = (
				407897741B2AE5DA006AFF04 /* PBXTargetDependency */,
			);
			name = CaculatorTests;
			productName = CaculatorTests;
			productReference = 407897721B2AE5DA006AFF04 /* CaculatorTests.xctest */;
			productType = "com.apple.product-type.bundle.unit-test";
		};
/* End PBXNativeTarget section */

/* Begin PBXProject section */
		407897551B2AE5DA006AFF04 /* Project object */ = {
			isa = PBXProject;
			attributes = {
				LastUpgradeCheck = 0630;
				ORGANIZATIONNAME = liubin;
				TargetAttributes = {
					4078975C1B2AE5DA006AFF04 = {
						CreatedOnToolsVersion = 6.3.2;
					};
					407897711B2AE5DA006AFF04 = {
						CreatedOnToolsVersion = 6.3.2;
						TestTargetID = 4078975C1B2AE5DA006AFF04;
					};
				};
			};
			buildConfigurationList = 407897581B2AE5DA006AFF04 /* Build configuration list for PBXProject "Caculator" */;
			compatibilityVersion = "Xcode 3.2";
			developmentRegion = English;
			hasScannedForEncodings = 0;
			knownRegions = (
				en,
				Base,
			);
			mainGroup = 407897541B2AE5DA006AFF04;
			productRefGroup = 4078975E1B2AE5DA006AFF04 /* Products */;
			projectDirPath = "";
			projectRoot = "";
			targets = (
				4078975C1B2AE5DA006AFF04 /* Caculator */,
				407897711B2AE5DA006AFF04 /* CaculatorTests */,
			);
		};
/* End PBXProject section */

/* Begin PBXResourcesBuildPhase section */
		4078975B1B2AE5DA006AFF04 /* Resources */ = {
			isa = PBXResourcesBuildPhase;
			buildActionMask = 2147483647;
			files = (
				407897681B2AE5DA006AFF04 /* Main.storyboard in Resources */,
				4078976D1B2AE5DA006AFF04 /* LaunchScreen.xib in Resources */,
				4078976A1B2AE5DA006AFF04 /* Images.xcassets in Resources */,
			);
			runOnlyForDeploymentPostprocessing = 0;
		};
		407897701B2AE5DA006AFF04 /* Resources */ = {
			isa = PBXResourcesBuildPhase;
			buildActionMask = 2147483647;
			files = (
			);
			runOnlyForDeploymentPostprocessing = 0;
		};
/* End PBXResourcesBuildPhase section */

/* Begin PBXSourcesBuildPhase section */
		407897591B2AE5DA006AFF04 /* Sources */ = {
			isa = PBXSourcesBuildPhase;
			buildActionMask = 2147483647;
			files = (
				407897651B2AE5DA006AFF04 /* ViewController.swift in Sources */,
				407897631B2AE5DA006AFF04 /* AppDelegate.swift in Sources */,
			);
			runOnlyForDeploymentPostprocessing = 0;
		};
		4078976E1B2AE5DA006AFF04 /* Sources */ = {
			isa = PBXSourcesBuildPhase;
			buildActionMask = 2147483647;
			files = (
				407897791B2AE5DA006AFF04 /* CaculatorTests.swift in Sources */,
			);
			runOnlyForDeploymentPostprocessing = 0;
		};
/* End PBXSourcesBuildPhase section */

/* Begin PBXTargetDependency section */
		407897741B2AE5DA006AFF04 /* PBXTargetDependency */ = {
			isa = PBXTargetDependency;
			target = 4078975C1B2AE5DA006AFF04 /* Caculator */;
			targetProxy = 407897731B2AE5DA006AFF04 /* PBXContainerItemProxy */;
		};
/* End PBXTargetDependency section */

/* Begin PBXVariantGroup section */
		407897661B2AE5DA006AFF04 /* Main.storyboard */ = {
			isa = PBXVariantGroup;
			children = (
				407897671B2AE5DA006AFF04 /* Base */,
			);
			name = Main.storyboard;
			sourceTree = "<group>";
		};
		4078976B1B2AE5DA006AFF04 /* LaunchScreen.xib */ = {
			isa = PBXVariantGroup;
			children = (
				4078976C1B2AE5DA006AFF04 /* Base */,
			);
			name = LaunchScreen.xib;
			sourceTree = "<group>";
		};
/* End PBXVariantGroup section */

/* Begin XCBuildConfiguration section */
		4078977A1B2AE5DA006AFF04 /* Debug */ = {
			isa = XCBuildConfiguration;
			buildSettings = {
				ALWAYS_SEARCH_USER_PATHS = NO;
				CLANG_CXX_LANGUAGE_STANDARD = "gnu++0x";
				CLANG_CXX_LIBRARY = "libc++";
				CLANG_ENABLE_MODULES = YES;
				CLANG_ENABLE_OBJC_ARC = YES;
				CLANG_WARN_BOOL_CONVERSION = YES;
				CLANG_WARN_CONSTANT_CONVERSION = YES;
				CLANG_WARN_DIRECT_OBJC_ISA_USAGE = YES_ERROR;
				CLANG_WARN_EMPTY_BODY = YES;
				CLANG_WARN_ENUM_CONVERSION = YES;
				CLANG_WARN_INT_CONVERSION = YES;
				CLANG_WARN_OBJC_ROOT_CLASS = YES_ERROR;
				CLANG_WARN_UNREACHABLE_CODE = YES;
				CLANG_WARN__DUPLICATE_METHOD_MATCH = YES;
				"CODE_SIGN_IDENTITY[sdk=iphoneos*]" = "iPhone Developer";
				COPY_PHASE_STRIP = NO;
				DEBUG_INFORMATION_FORMAT = "dwarf-with-dsym";
				ENABLE_STRICT_OBJC_MSGSEND = YES;
				GCC_C_LANGUAGE_STANDARD = gnu99;
				GCC_DYNAMIC_NO_PIC = NO;
				GCC_NO_COMMON_BLOCKS = YES;
				GCC_OPTIMIZATION_LEVEL = 0;
				GCC_PREPROCESSOR_DEFINITIONS = (
					"DEBUG=1",
					"$(inherited)",
				);
				GCC_SYMBOLS_PRIVATE_EXTERN = NO;
				GCC_WARN_64_TO_32_BIT_CONVERSION = YES;
				GCC_WARN_ABOUT_RETURN_TYPE = YES_ERROR;
				GCC_WARN_UNDECLARED_SELECTOR = YES;
				GCC_WARN_UNINITIALIZED_AUTOS = YES_AGGRESSIVE;
				GCC_WARN_UNUSED_FUNCTION = YES;
				GCC_WARN_UNUSED_VARIABLE = YES;
				IPHONEOS_DEPLOYMENT_TARGET = 8.3;
				MTL_ENABLE_DEBUG_INFO = YES;
				ONLY_ACTIVE_ARCH = YES;
				SDKROOT = iphoneos;
				SWIFT_OPTIMIZATION_LEVEL = "-Onone";
				TARGETED_DEVICE_FAMILY = "1,2";
			};
			name = Debug;
		};
		4078977B1B2AE5DA006AFF04 /* Release */ = {
			isa = XCBuildConfiguration;
			buildSettings = {
				ALWAYS_SEARCH_USER_PATHS = NO;
				CLANG_CXX_LANGUAGE_STANDARD = "gnu++0x";
				CLANG_CXX_LIBRARY = "libc++";
				CLANG_ENABLE_MODULES = YES;
				CLANG_ENABLE_OBJC_ARC = YES;
				CLANG_WARN_BOOL_CONVERSION = YES;
				CLANG_WARN_CONSTANT_CONVERSION = YES;
				CLANG_WARN_DIRECT_OBJC_ISA_USAGE = YES_ERROR;
				CLANG_WARN_EMPTY_BODY = YES;
				CLANG_WARN_ENUM_CONVERSION = YES;
				CLANG_WARN_INT_CONVERSION = YES;
				CLANG_WARN_OBJC_ROOT_CLASS = YES_ERROR;
				CLANG_WARN_UNREACHABLE_CODE = YES;
				CLANG_WARN__DUPLICATE_METHOD_MATCH = YES;
				"CODE_SIGN_IDENTITY[sdk=iphoneos*]" = "iPhone Developer";
				COPY_PHASE_STRIP = NO;
				DEBUG_INFORMATION_FORMAT = "dwarf-with-dsym";
				ENABLE_NS_ASSERTIONS = NO;
				ENABLE_STRICT_OBJC_MSGSEND = YES;
				GCC_C_LANGUAGE_STANDARD = gnu99;
				GCC_NO_COMMON_BLOCKS = YES;
				GCC_WARN_64_TO_32_BIT_CONVERSION = YES;
				GCC_WARN_ABOUT_RETURN_TYPE = YES_ERROR;
				GCC_WARN_UNDECLARED_SELECTOR = YES;
				GCC_WARN_UNINITIALIZED_AUTOS = YES_AGGRESSIVE;
				GCC_WARN_UNUSED_FUNCTION = YES;
				GCC_WARN_UNUSED_VARIABLE = YES;
				IPHONEOS_DEPLOYMENT_TARGET = 8.3;
				MTL_ENABLE_DEBUG_INFO = NO;
				SDKROOT = iphoneos;
				TARGETED_DEVICE_FAMILY = "1,2";
				VALIDATE_PRODUCT = YES;
			};
			name = Release;
		};
		4078977D1B2AE5DA006AFF04 /* Debug */ = {
			isa = XCBuildConfiguration;
			buildSettings = {
				ASSETCATALOG_COMPILER_APPICON_NAME = AppIcon;
				INFOPLIST_FILE = Caculator/Info.plist;
				LD_RUNPATH_SEARCH_PATHS = "$(inherited) @executable_path/Frameworks";
				PRODUCT_NAME = "$(TARGET_NAME)";
			};
			name = Debug;
		};
		4078977E1B2AE5DA006AFF04 /* Release */ = {
			isa = XCBuildConfiguration;
			buildSettings = {
				ASSETCATALOG_COMPILER_APPICON_NAME = AppIcon;
				INFOPLIST_FILE = Caculator/Info.plist;
				LD_RUNPATH_SEARCH_PATHS = "$(inherited) @executable_path/Frameworks";
				PRODUCT_NAME = "$(TARGET_NAME)";
			};
			name = Release;
		};
		407897801B2AE5DA006AFF04 /* Debug */ = {
			isa = XCBuildConfiguration;
			buildSettings = {
				BUNDLE_LOADER = "$(TEST_HOST)";
				FRAMEWORK_SEARCH_PATHS = (
					"$(SDKROOT)/Developer/Library/Frameworks",
					"$(inherited)",
				);
				GCC_PREPROCESSOR_DEFINITIONS = (
					"DEBUG=1",
					"$(inherited)",
				);
				INFOPLIST_FILE = CaculatorTests/Info.plist;
				LD_RUNPATH_SEARCH_PATHS = "$(inherited) @executable_path/Frameworks @loader_path/Frameworks";
				PRODUCT_NAME = "$(TARGET_NAME)";
				TEST_HOST = "$(BUILT_PRODUCTS_DIR)/Caculator.app/Caculator";
			};
			name = Debug;
		};
		407897811B2AE5DA006AFF04 /* Release */ = {
			isa = XCBuildConfiguration;
			buildSettings = {
				BUNDLE_LOADER = "$(TEST_HOST)";
				FRAMEWORK_SEARCH_PATHS = (
					"$(SDKROOT)/Developer/Library/Frameworks",
					"$(inherited)",
				);
				INFOPLIST_FILE = CaculatorTests/Info.plist;
				LD_RUNPATH_SEARCH_PATHS = "$(inherited) @executable_path/Frameworks @loader_path/Frameworks";
				PRODUCT_NAME = "$(TARGET_NAME)";
				TEST_HOST = "$(BUILT_PRODUCTS_DIR)/Caculator.app/Caculator";
			};
			name = Release;
		};
/* End XCBuildConfiguration section */

/* Begin XCConfigurationList section */
		407897581B2AE5DA006AFF04 /* Build configuration list for PBXProject "Caculator" */ = {
			isa = XCConfigurationList;
			buildConfigurations = (
				4078977A1B2AE5DA006AFF04 /* Debug */,
				4078977B1B2AE5DA006AFF04 /* Release */,
			);
			defaultConfigurationIsVisible = 0;
			defaultConfigurationName = Release;
		};
		4078977C1B2AE5DA006AFF04 /* Build configuration list for PBXNativeTarget "Caculator" */ = {
			isa = XCConfigurationList;
			buildConfigurations = (
				4078977D1B2AE5DA006AFF04 /* Debug */,
				4078977E1B2AE5DA006AFF04 /* Release */,
			);
			defaultConfigurationIsVisible = 0;
		};
		4078977F1B2AE5DA006AFF04 /* Build configuration list for PBXNativeTarget "CaculatorTests" */ = {
			isa = XCConfigurationList;
			buildConfigurations = (
				407897801B2AE5DA006AFF04 /* Debug */,
				407897811B2AE5DA006AFF04 /* Release */,
			);
			defaultConfigurationIsVisible = 0;
		};
/* End XCConfigurationList section */
	};
	rootObject = 407897551B2AE5DA006AFF04 /* Project object */;
}
